
Microsoft Visual Studio Solution File, Format Version 12.00
# Visual Studio Version 16
VisualStudioVersion = 16.0.29911.84
MinimumVisualStudioVersion = 10.0.40219.1
Project("{9A19103F-16F7-4668-BE54-9A1E7A4F7556}") = "SarcasmDetector", "SarcasmDetector\SarcasmDetector.csproj", "{F0D4E9F2-9CAB-48C8-A37C-6ECE8D8AAA21}"
EndProject
Project("{9A19103F-16F7-4668-BE54-9A1E7A4F7556}") = "SampleClassification.Model", "SampleClassification\SampleClassification.Model\SampleClassification.Model.csproj", "{4407C5CF-B68D-4149-A366-56AB94BB320C}"
EndProject
Global
	GlobalSection(SolutionConfigurationPlatforms) = preSolution
		Debug|Any CPU = Debug|Any CPU
		Release|Any CPU = Release|Any CPU
	EndGlobalSection
	GlobalSection(ProjectConfigurationPlatforms) = postSolution
		{F0D4E9F2-9CAB-48C8-A37C-6ECE8D8AAA21}.Debug|Any CPU.ActiveCfg = Debug|Any CPU
		{F0D4E9F2-9CAB-48C8-A37C-6ECE8D8AAA21}.Debug|Any CPU.Build.0 = Debug|Any CPU
		{F0D4E9F2-9CAB-48C8-A37C-6ECE8D8AAA21}.Release|Any CPU.ActiveCfg = Release|Any CPU
		{F0D4E9F2-9CAB-48C8-A37C-6ECE8D8AAA21}.Release|Any CPU.Build.0 = Release|Any CPU
		{4407C5CF-B68D-4149-A366-56AB94BB320C}.Debug|Any CPU.ActiveCfg = Debug|Any CPU
		{4407C5CF-B68D-4149-A366-56AB94BB320C}.Debug|Any CPU.Build.0 = Debug|Any CPU
		{4407C5CF-B68D-4149-A366-56AB94BB320C}.Release|Any CPU.ActiveCfg = Release|Any CPU
		{4407C5CF-B68D-4149-A366-56AB94BB320C}.Release|Any CPU.Build.0 = Release|Any CPU
	EndGlobalSection
	GlobalSection(SolutionProperties) = preSolution
		HideSolutionNode = FALSE
	EndGlobalSection
	GlobalSection(ExtensibilityGlobals) = postSolution
		SolutionGuid = {E0CF4167-E703-4423-BE02-912CAEC4EB0B}
	EndGlobalSection
EndGlobal
