
Microsoft Visual Studio Solution File, Format Version 12.00
# Visual Studio Version 16
VisualStudioVersion = 16.0.29911.84
MinimumVisualStudioVersion = 10.0.40219.1
Project("{FAE04EC0-301F-11D3-BF4B-00C04F79EFBC}") = "TrumpTweetGenerator", "TrumpTweetGenerator\TrumpTweetGenerator.csproj", "{BB384AF8-3B85-4598-BE23-FB5CEC0CD76F}"
EndProject
Global
	GlobalSection(SolutionConfigurationPlatforms) = preSolution
		Debug|Any CPU = Debug|Any CPU
		Release|Any CPU = Release|Any CPU
	EndGlobalSection
	GlobalSection(ProjectConfigurationPlatforms) = postSolution
		{BB384AF8-3B85-4598-BE23-FB5CEC0CD76F}.Debug|Any CPU.ActiveCfg = Debug|Any CPU
		{BB384AF8-3B85-4598-BE23-FB5CEC0CD76F}.Debug|Any CPU.Build.0 = Debug|Any CPU
		{BB384AF8-3B85-4598-BE23-FB5CEC0CD76F}.Release|Any CPU.ActiveCfg = Release|Any CPU
		{BB384AF8-3B85-4598-BE23-FB5CEC0CD76F}.Release|Any CPU.Build.0 = Release|Any CPU
	EndGlobalSection
	GlobalSection(SolutionProperties) = preSolution
		HideSolutionNode = FALSE
	EndGlobalSection
	GlobalSection(ExtensibilityGlobals) = postSolution
		SolutionGuid = {DD8B41F9-9110-4502-B711-80C8C2DE31C5}
	EndGlobalSection
EndGlobal
